{
    "_meta": {
        "hash": {
            "sha256": "7e3a836b97407fcfa299ea857ff0b24571ace659062ff4e5c45d05fb23f83328"
        },
        "pipfile-spec": 6,
        "requires": {
            "python_version": "3.6"
        },
        "sources": [
            {
                "name": "pypi",
                "url": "https://pypi.org/simple",
                "verify_ssl": true
            }
        ]
    },
    "default": {
        "certifi": {
            "hashes": [
                "sha256:47f9c83ef4c0c621eaef743f133f09fa8a74a9b75f037e8624f83bd1b6626cb7",
                "sha256:993f830721089fef441cdfeb4b2c8c9df86f0c63239f06bd025a76a7daddb033"
            ],
            "version": "==2018.11.29"
        },
        "chardet": {
            "hashes": [
                "sha256:84ab92ed1c4d4f16916e05906b6b75a6c0fb5db821cc65e70cbd64a3e2a5eaae",
                "sha256:fc323ffcaeaed0e0a02bf4d117757b98aed530d9ed4531e3e15460124c106691"
            ],
            "version": "==3.0.4"
        },
        "coloredlogs": {
            "hashes": [
                "sha256:34fad2e342d5a559c31b6c889e8d14f97cb62c47d9a2ae7b5ed14ea10a79eff8",
                "sha256:b869a2dda3fa88154b9dd850e27828d8755bfab5a838a1c97fbc850c6e377c36"
            ],
            "index": "pypi",
            "version": "==10.0"
        },
        "configparser": {
            "hashes": [
                "sha256:27594cf4fc279f321974061ac69164aaebd2749af962ac8686b20503ac0bcf2d",
                "sha256:9d51fe0a382f05b6b117c5e601fc219fede4a8c71703324af3f7d883aef476a3"
            ],
            "index": "pypi",
            "version": "==3.7.3"
        },
        "humanfriendly": {
            "hashes": [
                "sha256:23057b10ad6f782e7bc3a20e3cb6768ab919f619bbdc0dd75691121bbde5591d",
                "sha256:33ee8ceb63f1db61cce8b5c800c531e1a61023ac5488ccde2ba574a85be00a85"
            ],
            "version": "==4.18"
        },
        "idna": {
            "hashes": [
                "sha256:c357b3f628cf53ae2c4c05627ecc484553142ca23264e593d327bcde5e9c3407",
                "sha256:ea8b7f6188e6fa117537c3df7da9fc686d485087abf6ac197f9c46432f7e4a3c"
            ],
            "version": "==2.8"
        },
        "mysqlclient": {
            "hashes": [
                "sha256:425e733b05e359a714d6007c0fc44582be66b63e5a3df0a50949274ae16f4bc6",
                "sha256:62e4770b6a797b9416bcf70488365b7d6b9c9066878108499c559293bb464380",
                "sha256:f257d250f2675d0ef99bd318906f3cfc05cef4a2f385ea695ff32a3f04b9f9a7"
            ],
            "index": "pypi",
            "version": "==1.4.2.post1"
        },
        "requests": {
            "hashes": [
                "sha256:502a824f31acdacb3a35b6690b5fbf0bc41d63a24a45c4004352b0242707598e",
                "sha256:7bf2a778576d825600030a110f3c0e3e8edc51dfaafe1c146e39a2027784957b"
            ],
            "index": "pypi",
            "version": "==2.21.0"
        },
        "urllib3": {
            "hashes": [
                "sha256:61bf29cada3fc2fbefad4fdf059ea4bd1b4a86d2b6d15e1c7c0b582b9752fe39",
                "sha256:de9529817c93f27c8ccbfead6985011db27bd0ddfcdb2d86f3f663385c6a9c22"
            ],
            "version": "==1.24.1"
        }
    },
    "develop": {}
}
